{
  "name": "muyang-vibe-core",
  "version": "0.1.0",
  "lockfileVersion": 3,
  "requires": true,
  "packages": {
    "": {
      "name": "muyang-vibe-core",
      "version": "0.1.0",
      "workspaces": [
        "packages/*",
        "services/*",
        "apps/*"
      ],
      "devDependencies": {
        "typescript": "latest"
      }
    },
    "node_modules/@muyang/live-sticker-api": {
      "resolved": "services/live-sticker-api",
      "link": true
    },
    "node_modules/@muyang/provider-adapters": {
      "resolved": "packages/provider-adapters",
      "link": true
    },
    "node_modules/@muyang/shared-contracts": {
      "resolved": "packages/shared-contracts",
      "link": true
    },
    "node_modules/typescript": {
      "version": "6.0.3",
      "resolved": "https://registry.npmjs.org/typescript/-/typescript-6.0.3.tgz",
      "integrity": "sha512-y2TvuxSZPDyQakkFRPZHKFm+KKVqIisdg9/CZwm9ftvKXLP8NRWj38/ODjNbr43SsoXqNuAisEf1GdCxqWcdBw==",
      "dev": true,
      "license": "Apache-2.0",
      "bin": {
        "tsc": "bin/tsc",
        "tsserver": "bin/tsserver"
      },
      "engines": {
        "node": ">=14.17"
      }
    },
    "packages/provider-adapters": {
      "name": "@muyang/provider-adapters",
      "version": "0.1.0"
    },
    "packages/shared-contracts": {
      "name": "@muyang/shared-contracts",
      "version": "0.1.0"
    },
    "services/live-sticker-api": {
      "name": "@muyang/live-sticker-api",
      "version": "0.1.0"
    }
  }
}
